
Microsoft Visual Studio Solution File, Format Version 12.00
# Visual Studio Version 17
VisualStudioVersion = 17.8.34525.116
MinimumVisualStudioVersion = 10.0.40219.1
Project("{FAE04EC0-301F-11D3-BF4B-00C04F79EFBC}") = "SurveyinWPF", "SurveyinWPF\SurveyinWPF.csproj", "{C2488818-57C0-4A1B-87C9-D5688BA59F7F}"
EndProject
Global
	GlobalSection(SolutionConfigurationPlatforms) = preSolution
		Debug|Any CPU = Debug|Any CPU
		Release|Any CPU = Release|Any CPU
	EndGlobalSection
	GlobalSection(ProjectConfigurationPlatforms) = postSolution
		{C2488818-57C0-4A1B-87C9-D5688BA59F7F}.Debug|Any CPU.ActiveCfg = Debug|Any CPU
		{C2488818-57C0-4A1B-87C9-D5688BA59F7F}.Debug|Any CPU.Build.0 = Debug|Any CPU
		{C2488818-57C0-4A1B-87C9-D5688BA59F7F}.Release|Any CPU.ActiveCfg = Release|Any CPU
		{C2488818-57C0-4A1B-87C9-D5688BA59F7F}.Release|Any CPU.Build.0 = Release|Any CPU
	EndGlobalSection
	GlobalSection(SolutionProperties) = preSolution
		HideSolutionNode = FALSE
	EndGlobalSection
	GlobalSection(ExtensibilityGlobals) = postSolution
		SolutionGuid = {BF360339-A38D-4F0B-AFCE-AC8846DF0A44}
	EndGlobalSection
EndGlobal
